
Microsoft Visual Studio Solution File, Format Version 12.00
# Visual Studio 2012
Project("{FAE04EC0-301F-11D3-BF4B-00C04F79EFBC}") = "Phamhilator", "Phamhilator\Phamhilator.csproj", "{FAC3EC10-A91D-4E01-A53A-49AB139CE1C9}"
EndProject
Project("{2150E333-8FDC-42A3-9474-1A3956D46DE8}") = "Solution Items", "Solution Items", "{9D963E79-828A-4171-9F2F-F09165A77300}"
	ProjectSection(SolutionItems) = preProject
		Performance1.psess = Performance1.psess
	EndProjectSection
EndProject
Global
	GlobalSection(SolutionConfigurationPlatforms) = preSolution
		Debug|Any CPU = Debug|Any CPU
		Release|Any CPU = Release|Any CPU
	EndGlobalSection
	GlobalSection(ProjectConfigurationPlatforms) = postSolution
		{FAC3EC10-A91D-4E01-A53A-49AB139CE1C9}.Debug|Any CPU.ActiveCfg = Debug|Any CPU
		{FAC3EC10-A91D-4E01-A53A-49AB139CE1C9}.Debug|Any CPU.Build.0 = Debug|Any CPU
		{FAC3EC10-A91D-4E01-A53A-49AB139CE1C9}.Release|Any CPU.ActiveCfg = Release|Any CPU
		{FAC3EC10-A91D-4E01-A53A-49AB139CE1C9}.Release|Any CPU.Build.0 = Release|Any CPU
	EndGlobalSection
	GlobalSection(SolutionProperties) = preSolution
		HideSolutionNode = FALSE
	EndGlobalSection
	GlobalSection(Performance) = preSolution
		HasPerformanceSessions = true
	EndGlobalSection
EndGlobal
