
Microsoft Visual Studio Solution File, Format Version 12.00
# Visual Studio 2013
VisualStudioVersion = 12.0.31101.0
MinimumVisualStudioVersion = 10.0.40219.1
Project("{FAE04EC0-301F-11D3-BF4B-00C04F79EFBC}") = "Phamhilator", "Phamhilator\Phamhilator.csproj", "{FAC3EC10-A91D-4E01-A53A-49AB139CE1C9}"
EndProject
Project("{FAE04EC0-301F-11D3-BF4B-00C04F79EFBC}") = "NLP", "NLP\NLP.csproj", "{FF9060CA-0692-4170-A98B-C01BB03E726A}"
EndProject
Project("{FAE04EC0-301F-11D3-BF4B-00C04F79EFBC}") = "Ghamhilator", "Ghamhilator\Ghamhilator.csproj", "{993E523C-48D4-44D7-AFD2-272F35564BCA}"
	ProjectSection(ProjectDependencies) = postProject
		{FF9060CA-0692-4170-A98B-C01BB03E726A} = {FF9060CA-0692-4170-A98B-C01BB03E726A}
	EndProjectSection
EndProject
Project("{FAE04EC0-301F-11D3-BF4B-00C04F79EFBC}") = "Yamhilator", "Yamhilator\Yamhilator.csproj", "{53B36231-4989-4180-9F0A-DB1748AFC61E}"
EndProject
Global
	GlobalSection(SolutionConfigurationPlatforms) = preSolution
		Debug|Any CPU = Debug|Any CPU
		Release|Any CPU = Release|Any CPU
	EndGlobalSection
	GlobalSection(ProjectConfigurationPlatforms) = postSolution
		{FAC3EC10-A91D-4E01-A53A-49AB139CE1C9}.Debug|Any CPU.ActiveCfg = Debug|Any CPU
		{FAC3EC10-A91D-4E01-A53A-49AB139CE1C9}.Debug|Any CPU.Build.0 = Debug|Any CPU
		{FAC3EC10-A91D-4E01-A53A-49AB139CE1C9}.Release|Any CPU.ActiveCfg = Release|Any CPU
		{FAC3EC10-A91D-4E01-A53A-49AB139CE1C9}.Release|Any CPU.Build.0 = Release|Any CPU
		{FF9060CA-0692-4170-A98B-C01BB03E726A}.Debug|Any CPU.ActiveCfg = Debug|Any CPU
		{FF9060CA-0692-4170-A98B-C01BB03E726A}.Debug|Any CPU.Build.0 = Debug|Any CPU
		{FF9060CA-0692-4170-A98B-C01BB03E726A}.Release|Any CPU.ActiveCfg = Release|Any CPU
		{FF9060CA-0692-4170-A98B-C01BB03E726A}.Release|Any CPU.Build.0 = Release|Any CPU
		{993E523C-48D4-44D7-AFD2-272F35564BCA}.Debug|Any CPU.ActiveCfg = Debug|Any CPU
		{993E523C-48D4-44D7-AFD2-272F35564BCA}.Debug|Any CPU.Build.0 = Debug|Any CPU
		{993E523C-48D4-44D7-AFD2-272F35564BCA}.Release|Any CPU.ActiveCfg = Release|Any CPU
		{993E523C-48D4-44D7-AFD2-272F35564BCA}.Release|Any CPU.Build.0 = Release|Any CPU
		{53B36231-4989-4180-9F0A-DB1748AFC61E}.Debug|Any CPU.ActiveCfg = Debug|Any CPU
		{53B36231-4989-4180-9F0A-DB1748AFC61E}.Debug|Any CPU.Build.0 = Debug|Any CPU
		{53B36231-4989-4180-9F0A-DB1748AFC61E}.Release|Any CPU.ActiveCfg = Release|Any CPU
		{53B36231-4989-4180-9F0A-DB1748AFC61E}.Release|Any CPU.Build.0 = Release|Any CPU
	EndGlobalSection
	GlobalSection(SolutionProperties) = preSolution
		HideSolutionNode = FALSE
	EndGlobalSection
EndGlobal
